
Microsoft Visual Studio Solution File, Format Version 12.00
# Visual Studio 2013
VisualStudioVersion = 12.0.31101.0
MinimumVisualStudioVersion = 10.0.40219.1
Project("{8BC9CEB8-8B4A-11D0-8D11-00A0C91BC942}") = "UniversalPauseButton", "UniversalPauseButton.vcxproj", "{229438CB-2B5E-4C34-B1CE-F9AC14B0C47C}"
EndProject
Global
	GlobalSection(SolutionConfigurationPlatforms) = preSolution
		Debug|Win32 = Debug|Win32
		Debug|x64 = Debug|x64
		Release|Win32 = Release|Win32
		Release|x64 = Release|x64
	EndGlobalSection
	GlobalSection(ProjectConfigurationPlatforms) = postSolution
		{229438CB-2B5E-4C34-B1CE-F9AC14B0C47C}.Debug|Win32.ActiveCfg = Debug|Win32
		{229438CB-2B5E-4C34-B1CE-F9AC14B0C47C}.Debug|Win32.Build.0 = Debug|Win32
		{229438CB-2B5E-4C34-B1CE-F9AC14B0C47C}.Debug|x64.ActiveCfg = Debug|x64
		{229438CB-2B5E-4C34-B1CE-F9AC14B0C47C}.Debug|x64.Build.0 = Debug|x64
		{229438CB-2B5E-4C34-B1CE-F9AC14B0C47C}.Release|Win32.ActiveCfg = Release|Win32
		{229438CB-2B5E-4C34-B1CE-F9AC14B0C47C}.Release|Win32.Build.0 = Release|Win32
		{229438CB-2B5E-4C34-B1CE-F9AC14B0C47C}.Release|x64.ActiveCfg = Release|x64
		{229438CB-2B5E-4C34-B1CE-F9AC14B0C47C}.Release|x64.Build.0 = Release|x64
	EndGlobalSection
	GlobalSection(SolutionProperties) = preSolution
		HideSolutionNode = FALSE
	EndGlobalSection
EndGlobal
